
Microsoft Visual Studio Solution File, Format Version 12.00
# Visual Studio Version 17
VisualStudioVersion = 17.10.35027.167
MinimumVisualStudioVersion = 10.0.40219.1
Project("{9A19103F-16F7-4668-BE54-9A1E7A4F7556}") = "Solide.Api", "Solide.Api\Solide.Api.csproj", "{5820BD0A-C0AE-402D-A174-80D7D20930F5}"
EndProject
Project("{FAE04EC0-301F-11D3-BF4B-00C04F79EFBC}") = "Solide.Service", "Solide.Service\Solide.Service.csproj", "{4BFB2207-A5B9-44F9-91BC-5BF6CF3263A8}"
EndProject
Project("{FAE04EC0-301F-11D3-BF4B-00C04F79EFBC}") = "Solide.Data", "Solide.Data\Solide.Data.csproj", "{E27A5757-2498-4338-A6D1-F8DD19B7F7E2}"
EndProject
Global
	GlobalSection(SolutionConfigurationPlatforms) = preSolution
		Debug|Any CPU = Debug|Any CPU
		Release|Any CPU = Release|Any CPU
	EndGlobalSection
	GlobalSection(ProjectConfigurationPlatforms) = postSolution
		{5820BD0A-C0AE-402D-A174-80D7D20930F5}.Debug|Any CPU.ActiveCfg = Debug|Any CPU
		{5820BD0A-C0AE-402D-A174-80D7D20930F5}.Debug|Any CPU.Build.0 = Debug|Any CPU
		{5820BD0A-C0AE-402D-A174-80D7D20930F5}.Release|Any CPU.ActiveCfg = Release|Any CPU
		{5820BD0A-C0AE-402D-A174-80D7D20930F5}.Release|Any CPU.Build.0 = Release|Any CPU
		{4BFB2207-A5B9-44F9-91BC-5BF6CF3263A8}.Debug|Any CPU.ActiveCfg = Debug|Any CPU
		{4BFB2207-A5B9-44F9-91BC-5BF6CF3263A8}.Debug|Any CPU.Build.0 = Debug|Any CPU
		{4BFB2207-A5B9-44F9-91BC-5BF6CF3263A8}.Release|Any CPU.ActiveCfg = Release|Any CPU
		{4BFB2207-A5B9-44F9-91BC-5BF6CF3263A8}.Release|Any CPU.Build.0 = Release|Any CPU
		{E27A5757-2498-4338-A6D1-F8DD19B7F7E2}.Debug|Any CPU.ActiveCfg = Debug|Any CPU
		{E27A5757-2498-4338-A6D1-F8DD19B7F7E2}.Debug|Any CPU.Build.0 = Debug|Any CPU
		{E27A5757-2498-4338-A6D1-F8DD19B7F7E2}.Release|Any CPU.ActiveCfg = Release|Any CPU
		{E27A5757-2498-4338-A6D1-F8DD19B7F7E2}.Release|Any CPU.Build.0 = Release|Any CPU
	EndGlobalSection
	GlobalSection(SolutionProperties) = preSolution
		HideSolutionNode = FALSE
	EndGlobalSection
	GlobalSection(ExtensibilityGlobals) = postSolution
		SolutionGuid = {9FD42731-9E9E-4130-AC78-0DC5CC697AFB}
	EndGlobalSection
EndGlobal
